
Microsoft Visual Studio Solution File, Format Version 12.00
# Visual Studio Version 17
VisualStudioVersion = 17.5.33530.505
MinimumVisualStudioVersion = 10.0.40219.1
Project("{FAE04EC0-301F-11D3-BF4B-00C04F79EFBC}") = "TodoApp", "TodoApp\TodoApp.csproj", "{16E96871-01A3-4E87-AF35-0911A8D45800}"
EndProject
Global
	GlobalSection(SolutionConfigurationPlatforms) = preSolution
		Debug|Any CPU = Debug|Any CPU
		Release|Any CPU = Release|Any CPU
	EndGlobalSection
	GlobalSection(ProjectConfigurationPlatforms) = postSolution
		{16E96871-01A3-4E87-AF35-0911A8D45800}.Debug|Any CPU.ActiveCfg = Debug|Any CPU
		{16E96871-01A3-4E87-AF35-0911A8D45800}.Debug|Any CPU.Build.0 = Debug|Any CPU
		{16E96871-01A3-4E87-AF35-0911A8D45800}.Release|Any CPU.ActiveCfg = Release|Any CPU
		{16E96871-01A3-4E87-AF35-0911A8D45800}.Release|Any CPU.Build.0 = Release|Any CPU
	EndGlobalSection
	GlobalSection(SolutionProperties) = preSolution
		HideSolutionNode = FALSE
	EndGlobalSection
	GlobalSection(ExtensibilityGlobals) = postSolution
		SolutionGuid = {77214E88-B77D-4F5E-839D-1DA1B8D879DD}
	EndGlobalSection
EndGlobal
